
Microsoft Visual Studio Solution File, Format Version 12.00
# Visual Studio 15
VisualStudioVersion = 15.0.28307.902
MinimumVisualStudioVersion = 10.0.40219.1
Project("{FAE04EC0-301F-11D3-BF4B-00C04F79EFBC}") = "Classifieds", "Classifieds\Classifieds.csproj", "{023FE2DA-498F-49B1-8D2F-2BA9BB8C72AF}"
EndProject
Global
	GlobalSection(SolutionConfigurationPlatforms) = preSolution
		Debug|Any CPU = Debug|Any CPU
		Release|Any CPU = Release|Any CPU
	EndGlobalSection
	GlobalSection(ProjectConfigurationPlatforms) = postSolution
		{023FE2DA-498F-49B1-8D2F-2BA9BB8C72AF}.Debug|Any CPU.ActiveCfg = Debug|Any CPU
		{023FE2DA-498F-49B1-8D2F-2BA9BB8C72AF}.Debug|Any CPU.Build.0 = Debug|Any CPU
		{023FE2DA-498F-49B1-8D2F-2BA9BB8C72AF}.Release|Any CPU.ActiveCfg = Release|Any CPU
		{023FE2DA-498F-49B1-8D2F-2BA9BB8C72AF}.Release|Any CPU.Build.0 = Release|Any CPU
	EndGlobalSection
	GlobalSection(SolutionProperties) = preSolution
		HideSolutionNode = FALSE
	EndGlobalSection
	GlobalSection(ExtensibilityGlobals) = postSolution
		SolutionGuid = {EFA9D844-DB45-426F-A4BB-55698E506F68}
	EndGlobalSection
EndGlobal
